{
  "name": "Food Delivery App",
  "lockfileVersion": 2,
  "requires": true,
  "packages": {
    "": {
      "dependencies": {
        "express-rate-limit": "^7.1.5"
      }
    },
    "node_modules/express-rate-limit": {
      "version": "7.1.5",
      "resolved": "https://registry.npmjs.org/express-rate-limit/-/express-rate-limit-7.1.5.tgz",
      "integrity": "sha512-/iVogxu7ueadrepw1bS0X0kaRC/U0afwiYRSLg68Ts+p4Dc85Q5QKsOnPS/QUjPMHvOJQtBDrZgvkOzf8ejUYw==",
      "engines": {
        "node": ">= 16"
      },
      "funding": {
        "url": "https://github.com/sponsors/express-rate-limit"
      },
      "peerDependencies": {
        "express": "4 || 5 || ^5.0.0-beta.1"
      }
    }
  },
  "dependencies": {
    "express-rate-limit": {
      "version": "7.1.5",
      "resolved": "https://registry.npmjs.org/express-rate-limit/-/express-rate-limit-7.1.5.tgz",
      "integrity": "sha512-/iVogxu7ueadrepw1bS0X0kaRC/U0afwiYRSLg68Ts+p4Dc85Q5QKsOnPS/QUjPMHvOJQtBDrZgvkOzf8ejUYw=="
    }
  }
}
